// !$*UTF8*$!
{
	archiveVersion = 1;
	classes = {
	};
	objectVersion = 46;
	objects = {

/* Begin PBXBuildFile section */
		4D7B5CBA1ACD335E0060D4B4 /* AppDelegate.swift in Sources */ = {isa = PBXBuildFile; fileRef = 4D7B5CB91ACD335E0060D4B4 /* AppDelegate.swift */; };
		4D7B5CBC1ACD335E0060D4B4 /* ViewController.swift in Sources */ = {isa = PBXBuildFile; fileRef = 4D7B5CBB1ACD335E0060D4B4 /* ViewController.swift */; };
		4D7B5CBF1ACD335E0060D4B4 /* Main.storyboard in Resources */ = {isa = PBXBuildFile; fileRef = 4D7B5CBD1ACD335E0060D4B4 /* Main.storyboard */; };
		4D7B5CC11ACD335E0060D4B4 /* Images.xcassets in Resources */ = {isa = PBXBuildFile; fileRef = 4D7B5CC01ACD335E0060D4B4 /* Images.xcassets */; };
		4D7B5CC41ACD335E0060D4B4 /* LaunchScreen.xib in Resources */ = {isa = PBXBuildFile; fileRef = 4D7B5CC21ACD335E0060D4B4 /* LaunchScreen.xib */; };
		4D7B5CE31ACD336F0060D4B4 /* Argonaut.h in Headers */ = {isa = PBXBuildFile; fileRef = 4D7B5CE21ACD336F0060D4B4 /* Argonaut.h */; settings = {ATTRIBUTES = (Public, ); }; };
		4D7B5CF21ACD336F0060D4B4 /* JSONMappingTests.swift in Sources */ = {isa = PBXBuildFile; fileRef = 4D7B5CF11ACD336F0060D4B4 /* JSONMappingTests.swift */; };
		4D7B5CF51ACD336F0060D4B4 /* Argonaut.framework in Frameworks */ = {isa = PBXBuildFile; fileRef = 4D7B5CDE1ACD336F0060D4B4 /* Argonaut.framework */; };
		4D7B5CF61ACD336F0060D4B4 /* Argonaut.framework in Embed Frameworks */ = {isa = PBXBuildFile; fileRef = 4D7B5CDE1ACD336F0060D4B4 /* Argonaut.framework */; settings = {ATTRIBUTES = (CodeSignOnCopy, RemoveHeadersOnCopy, ); }; };
		4D7B5D041ACD33B90060D4B4 /* Encodable.swift in Sources */ = {isa = PBXBuildFile; fileRef = 4D7B5CFF1ACD33B90060D4B4 /* Encodable.swift */; };
		4D7B5D051ACD33B90060D4B4 /* JSONMapping.swift in Sources */ = {isa = PBXBuildFile; fileRef = 4D7B5D001ACD33B90060D4B4 /* JSONMapping.swift */; };
		4D7B5D061ACD33B90060D4B4 /* JSONMapping+ReactiveCocoa.swift in Sources */ = {isa = PBXBuildFile; fileRef = 4D7B5D011ACD33B90060D4B4 /* JSONMapping+ReactiveCocoa.swift */; };
		4D7B5D421ACD3A230060D4B4 /* User.swift in Sources */ = {isa = PBXBuildFile; fileRef = 4D7B5D411ACD3A230060D4B4 /* User.swift */; };
		4D7B5D491ACD3DE00060D4B4 /* tasks.json in Resources */ = {isa = PBXBuildFile; fileRef = 4D7B5D471ACD3DE00060D4B4 /* tasks.json */; };
		4D7B5D4A1ACD3DE00060D4B4 /* user.json in Resources */ = {isa = PBXBuildFile; fileRef = 4D7B5D481ACD3DE00060D4B4 /* user.json */; };
		4D7B5D4C1ACD3FFB0060D4B4 /* Task.swift in Sources */ = {isa = PBXBuildFile; fileRef = 4D7B5D4B1ACD3FFB0060D4B4 /* Task.swift */; };
		4D7B5D4F1ACD47B90060D4B4 /* tasks_invalid.json in Resources */ = {isa = PBXBuildFile; fileRef = 4D7B5D4D1ACD47B90060D4B4 /* tasks_invalid.json */; };
		4D7B5D501ACD47B90060D4B4 /* user_invalid.json in Resources */ = {isa = PBXBuildFile; fileRef = 4D7B5D4E1ACD47B90060D4B4 /* user_invalid.json */; };
		4D7B5D521ACD4D8F0060D4B4 /* ReactiveJSONMappingTests.swift in Sources */ = {isa = PBXBuildFile; fileRef = 4D7B5D511ACD4D8F0060D4B4 /* ReactiveJSONMappingTests.swift */; };
		4D7B5D541ACD4ECE0060D4B4 /* MockDataLoader.swift in Sources */ = {isa = PBXBuildFile; fileRef = 4D7B5D531ACD4ECE0060D4B4 /* MockDataLoader.swift */; };
		4D81D4EA1C4171AC009A66A7 /* Argonaut.h in Headers */ = {isa = PBXBuildFile; fileRef = 4D7B5CE21ACD336F0060D4B4 /* Argonaut.h */; settings = {ATTRIBUTES = (Public, ); }; };
		4D81D4EB1C4171AF009A66A7 /* Argonaut.h in Headers */ = {isa = PBXBuildFile; fileRef = 4D7B5CE21ACD336F0060D4B4 /* Argonaut.h */; settings = {ATTRIBUTES = (Public, ); }; };
		4D81D4EC1C4171B2009A66A7 /* JSONMapping.swift in Sources */ = {isa = PBXBuildFile; fileRef = 4D7B5D001ACD33B90060D4B4 /* JSONMapping.swift */; };
		4D81D4EE1C4171B6009A66A7 /* JSONMapping+ReactiveCocoa.swift in Sources */ = {isa = PBXBuildFile; fileRef = 4D7B5D011ACD33B90060D4B4 /* JSONMapping+ReactiveCocoa.swift */; };
		4D81D4EF1C4171B6009A66A7 /* JSONMapping+ReactiveCocoa.swift in Sources */ = {isa = PBXBuildFile; fileRef = 4D7B5D011ACD33B90060D4B4 /* JSONMapping+ReactiveCocoa.swift */; };
		4D81D4F01C4171B8009A66A7 /* Encodable.swift in Sources */ = {isa = PBXBuildFile; fileRef = 4D7B5CFF1ACD33B90060D4B4 /* Encodable.swift */; };
		4D81D4F11C4171B9009A66A7 /* Encodable.swift in Sources */ = {isa = PBXBuildFile; fileRef = 4D7B5CFF1ACD33B90060D4B4 /* Encodable.swift */; };
		4D81D5391C417BA8009A66A7 /* Interface.storyboard in Resources */ = {isa = PBXBuildFile; fileRef = 4D81D5371C417BA8009A66A7 /* Interface.storyboard */; };
		4D81D53B1C417BA8009A66A7 /* Assets.xcassets in Resources */ = {isa = PBXBuildFile; fileRef = 4D81D53A1C417BA8009A66A7 /* Assets.xcassets */; };
		4D81D5421C417BA9009A66A7 /* ExampleWatch Extension.appex in Embed App Extensions */ = {isa = PBXBuildFile; fileRef = 4D81D5411C417BA9009A66A7 /* ExampleWatch Extension.appex */; settings = {ATTRIBUTES = (RemoveHeadersOnCopy, ); }; };
		4D81D5471C417BA9009A66A7 /* InterfaceController.swift in Sources */ = {isa = PBXBuildFile; fileRef = 4D81D5461C417BA9009A66A7 /* InterfaceController.swift */; };
		4D81D5491C417BA9009A66A7 /* ExtensionDelegate.swift in Sources */ = {isa = PBXBuildFile; fileRef = 4D81D5481C417BA9009A66A7 /* ExtensionDelegate.swift */; };
		4D81D54B1C417BA9009A66A7 /* Assets.xcassets in Resources */ = {isa = PBXBuildFile; fileRef = 4D81D54A1C417BA9009A66A7 /* Assets.xcassets */; };
		4D81D54F1C417BA9009A66A7 /* ExampleWatch.app in Embed Watch Content */ = {isa = PBXBuildFile; fileRef = 4D81D5351C417BA8009A66A7 /* ExampleWatch.app */; };
		4D81D5781C417D8D009A66A7 /* JSONMapping.swift in Sources */ = {isa = PBXBuildFile; fileRef = 4D7B5D001ACD33B90060D4B4 /* JSONMapping.swift */; };
		4D81D5891C417DF9009A66A7 /* Argonaut.framework in Frameworks */ = {isa = PBXBuildFile; fileRef = 4D81D4E01C41714D009A66A7 /* Argonaut.framework */; };
		4D81D58A1C417DF9009A66A7 /* Argonaut.framework in Embed Frameworks */ = {isa = PBXBuildFile; fileRef = 4D81D4E01C41714D009A66A7 /* Argonaut.framework */; settings = {ATTRIBUTES = (CodeSignOnCopy, RemoveHeadersOnCopy, ); }; };
		4D81D59B1C41A003009A66A7 /* Argo.framework in Frameworks */ = {isa = PBXBuildFile; fileRef = 4D81D5961C41A003009A66A7 /* Argo.framework */; };
		4D81D59D1C41A003009A66A7 /* ReactiveCocoa.framework in Frameworks */ = {isa = PBXBuildFile; fileRef = 4D81D5971C41A003009A66A7 /* ReactiveCocoa.framework */; };
		4D81D59F1C41A003009A66A7 /* Result.framework in Frameworks */ = {isa = PBXBuildFile; fileRef = 4D81D5981C41A003009A66A7 /* Result.framework */; };
		4D81D5A61C41A018009A66A7 /* Argo.framework in Frameworks */ = {isa = PBXBuildFile; fileRef = 4D81D5A21C41A018009A66A7 /* Argo.framework */; };
		4D81D5A71C41A018009A66A7 /* ReactiveCocoa.framework in Frameworks */ = {isa = PBXBuildFile; fileRef = 4D81D5A31C41A018009A66A7 /* ReactiveCocoa.framework */; };
		4D81D5A81C41A018009A66A7 /* Result.framework in Frameworks */ = {isa = PBXBuildFile; fileRef = 4D81D5A41C41A018009A66A7 /* Result.framework */; };
		4D81D5AE1C41A023009A66A7 /* Argo.framework in Frameworks */ = {isa = PBXBuildFile; fileRef = 4D81D5AA1C41A023009A66A7 /* Argo.framework */; };
		4D81D5AF1C41A023009A66A7 /* ReactiveCocoa.framework in Frameworks */ = {isa = PBXBuildFile; fileRef = 4D81D5AB1C41A023009A66A7 /* ReactiveCocoa.framework */; };
		4D81D5B01C41A023009A66A7 /* Result.framework in Frameworks */ = {isa = PBXBuildFile; fileRef = 4D81D5AC1C41A023009A66A7 /* Result.framework */; };
		4D81D5B21C41A04C009A66A7 /* Argo.framework in Frameworks */ = {isa = PBXBuildFile; fileRef = 4D81D5961C41A003009A66A7 /* Argo.framework */; };
		4D81D5B31C41A04C009A66A7 /* Argo.framework in Embed Frameworks */ = {isa = PBXBuildFile; fileRef = 4D81D5961C41A003009A66A7 /* Argo.framework */; settings = {ATTRIBUTES = (CodeSignOnCopy, RemoveHeadersOnCopy, ); }; };
		4D81D5B41C41A04D009A66A7 /* ReactiveCocoa.framework in Frameworks */ = {isa = PBXBuildFile; fileRef = 4D81D5971C41A003009A66A7 /* ReactiveCocoa.framework */; };
		4D81D5B51C41A04D009A66A7 /* ReactiveCocoa.framework in Embed Frameworks */ = {isa = PBXBuildFile; fileRef = 4D81D5971C41A003009A66A7 /* ReactiveCocoa.framework */; settings = {ATTRIBUTES = (CodeSignOnCopy, RemoveHeadersOnCopy, ); }; };
		4D81D5B61C41A04D009A66A7 /* Result.framework in Frameworks */ = {isa = PBXBuildFile; fileRef = 4D81D5981C41A003009A66A7 /* Result.framework */; };
		4D81D5B71C41A04D009A66A7 /* Result.framework in Embed Frameworks */ = {isa = PBXBuildFile; fileRef = 4D81D5981C41A003009A66A7 /* Result.framework */; settings = {ATTRIBUTES = (CodeSignOnCopy, RemoveHeadersOnCopy, ); }; };
		4D81D5BA1C41A06E009A66A7 /* Argo.framework in Frameworks */ = {isa = PBXBuildFile; fileRef = 4D81D5AA1C41A023009A66A7 /* Argo.framework */; };
		4D81D5BB1C41A06E009A66A7 /* Argo.framework in Embed Frameworks */ = {isa = PBXBuildFile; fileRef = 4D81D5AA1C41A023009A66A7 /* Argo.framework */; settings = {ATTRIBUTES = (CodeSignOnCopy, RemoveHeadersOnCopy, ); }; };
		4D81D5BC1C41A06E009A66A7 /* ReactiveCocoa.framework in Frameworks */ = {isa = PBXBuildFile; fileRef = 4D81D5AB1C41A023009A66A7 /* ReactiveCocoa.framework */; };
		4D81D5BD1C41A06E009A66A7 /* ReactiveCocoa.framework in Embed Frameworks */ = {isa = PBXBuildFile; fileRef = 4D81D5AB1C41A023009A66A7 /* ReactiveCocoa.framework */; settings = {ATTRIBUTES = (CodeSignOnCopy, RemoveHeadersOnCopy, ); }; };
		4D81D5BE1C41A06E009A66A7 /* Result.framework in Frameworks */ = {isa = PBXBuildFile; fileRef = 4D81D5AC1C41A023009A66A7 /* Result.framework */; };
		4D81D5BF1C41A06E009A66A7 /* Result.framework in Embed Frameworks */ = {isa = PBXBuildFile; fileRef = 4D81D5AC1C41A023009A66A7 /* Result.framework */; settings = {ATTRIBUTES = (CodeSignOnCopy, RemoveHeadersOnCopy, ); }; };
		4D906FA61ACEF29700ECD5F2 /* Argonaut.framework in Frameworks */ = {isa = PBXBuildFile; fileRef = 4D7B5CDE1ACD336F0060D4B4 /* Argonaut.framework */; };
/* End PBXBuildFile section */

/* Begin PBXContainerItemProxy section */
		4D7B5CEA1ACD336F0060D4B4 /* PBXContainerItemProxy */ = {
			isa = PBXContainerItemProxy;
			containerPortal = 4D7B5CAC1ACD335E0060D4B4 /* Project object */;
			proxyType = 1;
			remoteGlobalIDString = 4D7B5CDD1ACD336F0060D4B4;
			remoteInfo = Argonaut;
		};
		4D7B5CF31ACD336F0060D4B4 /* PBXContainerItemProxy */ = {
			isa = PBXContainerItemProxy;
			containerPortal = 4D7B5CAC1ACD335E0060D4B4 /* Project object */;
			proxyType = 1;
			remoteGlobalIDString = 4D7B5CDD1ACD336F0060D4B4;
			remoteInfo = Argonaut;
		};
		4D81D5431C417BA9009A66A7 /* PBXContainerItemProxy */ = {
			isa = PBXContainerItemProxy;
			containerPortal = 4D7B5CAC1ACD335E0060D4B4 /* Project object */;
			proxyType = 1;
			remoteGlobalIDString = 4D81D5401C417BA9009A66A7;
			remoteInfo = "ExampleWatch Extension";
		};
		4D81D54D1C417BA9009A66A7 /* PBXContainerItemProxy */ = {
			isa = PBXContainerItemProxy;
			containerPortal = 4D7B5CAC1ACD335E0060D4B4 /* Project object */;
			proxyType = 1;
			remoteGlobalIDString = 4D81D5341C417BA8009A66A7;
			remoteInfo = ExampleWatch;
		};
		4D81D58B1C417DF9009A66A7 /* PBXContainerItemProxy */ = {
			isa = PBXContainerItemProxy;
			containerPortal = 4D7B5CAC1ACD335E0060D4B4 /* Project object */;
			proxyType = 1;
			remoteGlobalIDString = 4D81D4DF1C41714D009A66A7;
			remoteInfo = "Argonaut-watchOS";
		};
		4D9BD84E1AEFDFFA00E77E40 /* PBXContainerItemProxy */ = {
			isa = PBXContainerItemProxy;
			containerPortal = 4D7B5CAC1ACD335E0060D4B4 /* Project object */;
			proxyType = 1;
			remoteGlobalIDString = 4D7B5CB31ACD335E0060D4B4;
			remoteInfo = Example;
		};
/* End PBXContainerItemProxy section */

/* Begin PBXCopyFilesBuildPhase section */
		4D7B5CFA1ACD336F0060D4B4 /* Embed Frameworks */ = {
			isa = PBXCopyFilesBuildPhase;
			buildActionMask = 2147483647;
			dstPath = "";
			dstSubfolderSpec = 10;
			files = (
				4D7B5CF61ACD336F0060D4B4 /* Argonaut.framework in Embed Frameworks */,
				4D81D5B51C41A04D009A66A7 /* ReactiveCocoa.framework in Embed Frameworks */,
				4D81D5B31C41A04C009A66A7 /* Argo.framework in Embed Frameworks */,
				4D81D5B71C41A04D009A66A7 /* Result.framework in Embed Frameworks */,
			);
			name = "Embed Frameworks";
			runOnlyForDeploymentPostprocessing = 0;
		};
		4D81D5531C417BA9009A66A7 /* Embed App Extensions */ = {
			isa = PBXCopyFilesBuildPhase;
			buildActionMask = 2147483647;
			dstPath = "";
			dstSubfolderSpec = 13;
			files = (
				4D81D5421C417BA9009A66A7 /* ExampleWatch Extension.appex in Embed App Extensions */,
			);
			name = "Embed App Extensions";
			runOnlyForDeploymentPostprocessing = 0;
		};
		4D81D5571C417BA9009A66A7 /* Embed Watch Content */ = {
			isa = PBXCopyFilesBuildPhase;
			buildActionMask = 2147483647;
			dstPath = "$(CONTENTS_FOLDER_PATH)/Watch";
			dstSubfolderSpec = 16;
			files = (
				4D81D54F1C417BA9009A66A7 /* ExampleWatch.app in Embed Watch Content */,
			);
			name = "Embed Watch Content";
			runOnlyForDeploymentPostprocessing = 0;
		};
		4D81D58D1C417DF9009A66A7 /* Embed Frameworks */ = {
			isa = PBXCopyFilesBuildPhase;
			buildActionMask = 2147483647;
			dstPath = "";
			dstSubfolderSpec = 10;
			files = (
				4D81D58A1C417DF9009A66A7 /* Argonaut.framework in Embed Frameworks */,
				4D81D5BD1C41A06E009A66A7 /* ReactiveCocoa.framework in Embed Frameworks */,
				4D81D5BB1C41A06E009A66A7 /* Argo.framework in Embed Frameworks */,
				4D81D5BF1C41A06E009A66A7 /* Result.framework in Embed Frameworks */,
			);
			name = "Embed Frameworks";
			runOnlyForDeploymentPostprocessing = 0;
		};
/* End PBXCopyFilesBuildPhase section */

/* Begin PBXFileReference section */
		4D7B5CB41ACD335E0060D4B4 /* Example.app */ = {isa = PBXFileReference; explicitFileType = wrapper.application; includeInIndex = 0; path = Example.app; sourceTree = BUILT_PRODUCTS_DIR; };
		4D7B5CB81ACD335E0060D4B4 /* Info.plist */ = {isa = PBXFileReference; lastKnownFileType = text.plist.xml; path = Info.plist; sourceTree = "<group>"; };
		4D7B5CB91ACD335E0060D4B4 /* AppDelegate.swift */ = {isa = PBXFileReference; lastKnownFileType = sourcecode.swift; path = AppDelegate.swift; sourceTree = "<group>"; };
		4D7B5CBB1ACD335E0060D4B4 /* ViewController.swift */ = {isa = PBXFileReference; lastKnownFileType = sourcecode.swift; path = ViewController.swift; sourceTree = "<group>"; };
		4D7B5CBE1ACD335E0060D4B4 /* Base */ = {isa = PBXFileReference; lastKnownFileType = file.storyboard; name = Base; path = Base.lproj/Main.storyboard; sourceTree = "<group>"; };
		4D7B5CC01ACD335E0060D4B4 /* Images.xcassets */ = {isa = PBXFileReference; lastKnownFileType = folder.assetcatalog; path = Images.xcassets; sourceTree = "<group>"; };
		4D7B5CC31ACD335E0060D4B4 /* Base */ = {isa = PBXFileReference; lastKnownFileType = file.xib; name = Base; path = Base.lproj/LaunchScreen.xib; sourceTree = "<group>"; };
		4D7B5CDE1ACD336F0060D4B4 /* Argonaut.framework */ = {isa = PBXFileReference; explicitFileType = wrapper.framework; includeInIndex = 0; path = Argonaut.framework; sourceTree = BUILT_PRODUCTS_DIR; };
		4D7B5CE11ACD336F0060D4B4 /* Info.plist */ = {isa = PBXFileReference; lastKnownFileType = text.plist.xml; path = Info.plist; sourceTree = "<group>"; };
		4D7B5CE21ACD336F0060D4B4 /* Argonaut.h */ = {isa = PBXFileReference; lastKnownFileType = sourcecode.c.h; path = Argonaut.h; sourceTree = "<group>"; };
		4D7B5CE81ACD336F0060D4B4 /* ArgonautTests.xctest */ = {isa = PBXFileReference; explicitFileType = wrapper.cfbundle; includeInIndex = 0; path = ArgonautTests.xctest; sourceTree = BUILT_PRODUCTS_DIR; };
		4D7B5CF01ACD336F0060D4B4 /* Info.plist */ = {isa = PBXFileReference; lastKnownFileType = text.plist.xml; path = Info.plist; sourceTree = "<group>"; };
		4D7B5CF11ACD336F0060D4B4 /* JSONMappingTests.swift */ = {isa = PBXFileReference; lastKnownFileType = sourcecode.swift; path = JSONMappingTests.swift; sourceTree = "<group>"; };
		4D7B5CFF1ACD33B90060D4B4 /* Encodable.swift */ = {isa = PBXFileReference; fileEncoding = 4; lastKnownFileType = sourcecode.swift; path = Encodable.swift; sourceTree = "<group>"; };
		4D7B5D001ACD33B90060D4B4 /* JSONMapping.swift */ = {isa = PBXFileReference; fileEncoding = 4; lastKnownFileType = sourcecode.swift; path = JSONMapping.swift; sourceTree = "<group>"; };
		4D7B5D011ACD33B90060D4B4 /* JSONMapping+ReactiveCocoa.swift */ = {isa = PBXFileReference; fileEncoding = 4; lastKnownFileType = sourcecode.swift; path = "JSONMapping+ReactiveCocoa.swift"; sourceTree = "<group>"; };
		4D7B5D411ACD3A230060D4B4 /* User.swift */ = {isa = PBXFileReference; fileEncoding = 4; lastKnownFileType = sourcecode.swift; path = User.swift; sourceTree = "<group>"; };
		4D7B5D471ACD3DE00060D4B4 /* tasks.json */ = {isa = PBXFileReference; fileEncoding = 4; lastKnownFileType = text.json; path = tasks.json; sourceTree = "<group>"; };
		4D7B5D481ACD3DE00060D4B4 /* user.json */ = {isa = PBXFileReference; fileEncoding = 4; lastKnownFileType = text.json; path = user.json; sourceTree = "<group>"; };
		4D7B5D4B1ACD3FFB0060D4B4 /* Task.swift */ = {isa = PBXFileReference; fileEncoding = 4; lastKnownFileType = sourcecode.swift; path = Task.swift; sourceTree = "<group>"; };
		4D7B5D4D1ACD47B90060D4B4 /* tasks_invalid.json */ = {isa = PBXFileReference; fileEncoding = 4; lastKnownFileType = text.json; path = tasks_invalid.json; sourceTree = "<group>"; };
		4D7B5D4E1ACD47B90060D4B4 /* user_invalid.json */ = {isa = PBXFileReference; fileEncoding = 4; lastKnownFileType = text.json; path = user_invalid.json; sourceTree = "<group>"; };
		4D7B5D511ACD4D8F0060D4B4 /* ReactiveJSONMappingTests.swift */ = {isa = PBXFileReference; fileEncoding = 4; lastKnownFileType = sourcecode.swift; path = ReactiveJSONMappingTests.swift; sourceTree = "<group>"; };
		4D7B5D531ACD4ECE0060D4B4 /* MockDataLoader.swift */ = {isa = PBXFileReference; fileEncoding = 4; lastKnownFileType = sourcecode.swift; path = MockDataLoader.swift; sourceTree = "<group>"; };
		4D81D4B71C4170DA009A66A7 /* Argonaut.framework */ = {isa = PBXFileReference; explicitFileType = wrapper.framework; includeInIndex = 0; path = Argonaut.framework; sourceTree = BUILT_PRODUCTS_DIR; };
		4D81D4E01C41714D009A66A7 /* Argonaut.framework */ = {isa = PBXFileReference; explicitFileType = wrapper.framework; includeInIndex = 0; path = Argonaut.framework; sourceTree = BUILT_PRODUCTS_DIR; };
		4D81D4E81C417179009A66A7 /* Info-tvOS.plist */ = {isa = PBXFileReference; lastKnownFileType = text.plist.xml; path = "Info-tvOS.plist"; sourceTree = "<group>"; };
		4D81D4E91C417179009A66A7 /* Info-watchOS.plist */ = {isa = PBXFileReference; lastKnownFileType = text.plist.xml; path = "Info-watchOS.plist"; sourceTree = "<group>"; };
		4D81D5351C417BA8009A66A7 /* ExampleWatch.app */ = {isa = PBXFileReference; explicitFileType = wrapper.application; includeInIndex = 0; path = ExampleWatch.app; sourceTree = BUILT_PRODUCTS_DIR; };
		4D81D5381C417BA8009A66A7 /* Base */ = {isa = PBXFileReference; lastKnownFileType = file.storyboard; name = Base; path = Base.lproj/Interface.storyboard; sourceTree = "<group>"; };
		4D81D53A1C417BA8009A66A7 /* Assets.xcassets */ = {isa = PBXFileReference; lastKnownFileType = folder.assetcatalog; path = Assets.xcassets; sourceTree = "<group>"; };
		4D81D53C1C417BA8009A66A7 /* Info.plist */ = {isa = PBXFileReference; lastKnownFileType = text.plist.xml; path = Info.plist; sourceTree = "<group>"; };
		4D81D5411C417BA9009A66A7 /* ExampleWatch Extension.appex */ = {isa = PBXFileReference; explicitFileType = "wrapper.app-extension"; includeInIndex = 0; path = "ExampleWatch Extension.appex"; sourceTree = BUILT_PRODUCTS_DIR; };
		4D81D5461C417BA9009A66A7 /* InterfaceController.swift */ = {isa = PBXFileReference; lastKnownFileType = sourcecode.swift; path = InterfaceController.swift; sourceTree = "<group>"; };
		4D81D5481C417BA9009A66A7 /* ExtensionDelegate.swift */ = {isa = PBXFileReference; lastKnownFileType = sourcecode.swift; path = ExtensionDelegate.swift; sourceTree = "<group>"; };
		4D81D54A1C417BA9009A66A7 /* Assets.xcassets */ = {isa = PBXFileReference; lastKnownFileType = folder.assetcatalog; path = Assets.xcassets; sourceTree = "<group>"; };
		4D81D54C1C417BA9009A66A7 /* Info.plist */ = {isa = PBXFileReference; lastKnownFileType = text.plist.xml; path = Info.plist; sourceTree = "<group>"; };
		4D81D5961C41A003009A66A7 /* Argo.framework */ = {isa = PBXFileReference; lastKnownFileType = wrapper.framework; name = Argo.framework; path = Carthage/Build/iOS/Argo.framework; sourceTree = SOURCE_ROOT; };
		4D81D5971C41A003009A66A7 /* ReactiveCocoa.framework */ = {isa = PBXFileReference; lastKnownFileType = wrapper.framework; name = ReactiveCocoa.framework; path = Carthage/Build/iOS/ReactiveCocoa.framework; sourceTree = SOURCE_ROOT; };
		4D81D5981C41A003009A66A7 /* Result.framework */ = {isa = PBXFileReference; lastKnownFileType = wrapper.framework; name = Result.framework; path = Carthage/Build/iOS/Result.framework; sourceTree = SOURCE_ROOT; };
		4D81D5A21C41A018009A66A7 /* Argo.framework */ = {isa = PBXFileReference; lastKnownFileType = wrapper.framework; name = Argo.framework; path = Carthage/Build/tvOS/Argo.framework; sourceTree = SOURCE_ROOT; };
		4D81D5A31C41A018009A66A7 /* ReactiveCocoa.framework */ = {isa = PBXFileReference; lastKnownFileType = wrapper.framework; name = ReactiveCocoa.framework; path = Carthage/Build/tvOS/ReactiveCocoa.framework; sourceTree = SOURCE_ROOT; };
		4D81D5A41C41A018009A66A7 /* Result.framework */ = {isa = PBXFileReference; lastKnownFileType = wrapper.framework; name = Result.framework; path = Carthage/Build/tvOS/Result.framework; sourceTree = SOURCE_ROOT; };
		4D81D5AA1C41A023009A66A7 /* Argo.framework */ = {isa = PBXFileReference; lastKnownFileType = wrapper.framework; name = Argo.framework; path = Carthage/Build/watchOS/Argo.framework; sourceTree = SOURCE_ROOT; };
		4D81D5AB1C41A023009A66A7 /* ReactiveCocoa.framework */ = {isa = PBXFileReference; lastKnownFileType = wrapper.framework; name = ReactiveCocoa.framework; path = Carthage/Build/watchOS/ReactiveCocoa.framework; sourceTree = SOURCE_ROOT; };
		4D81D5AC1C41A023009A66A7 /* Result.framework */ = {isa = PBXFileReference; lastKnownFileType = wrapper.framework; name = Result.framework; path = Carthage/Build/watchOS/Result.framework; sourceTree = SOURCE_ROOT; };
/* End PBXFileReference section */

/* Begin PBXFrameworksBuildPhase section */
		4D7B5CB11ACD335E0060D4B4 /* Frameworks */ = {
			isa = PBXFrameworksBuildPhase;
			buildActionMask = 2147483647;
			files = (
				4D7B5CF51ACD336F0060D4B4 /* Argonaut.framework in Frameworks */,
				4D81D5B41C41A04D009A66A7 /* ReactiveCocoa.framework in Frameworks */,
				4D81D5B21C41A04C009A66A7 /* Argo.framework in Frameworks */,
				4D81D5B61C41A04D009A66A7 /* Result.framework in Frameworks */,
			);
			runOnlyForDeploymentPostprocessing = 0;
		};
		4D7B5CDA1ACD336F0060D4B4 /* Frameworks */ = {
			isa = PBXFrameworksBuildPhase;
			buildActionMask = 2147483647;
			files = (
				4D81D59F1C41A003009A66A7 /* Result.framework in Frameworks */,
				4D81D59B1C41A003009A66A7 /* Argo.framework in Frameworks */,
				4D81D59D1C41A003009A66A7 /* ReactiveCocoa.framework in Frameworks */,
			);
			runOnlyForDeploymentPostprocessing = 0;
		};
		4D7B5CE51ACD336F0060D4B4 /* Frameworks */ = {
			isa = PBXFrameworksBuildPhase;
			buildActionMask = 2147483647;
			files = (
				4D906FA61ACEF29700ECD5F2 /* Argonaut.framework in Frameworks */,
			);
			runOnlyForDeploymentPostprocessing = 0;
		};
		4D81D4B31C4170DA009A66A7 /* Frameworks */ = {
			isa = PBXFrameworksBuildPhase;
			buildActionMask = 2147483647;
			files = (
				4D81D5A81C41A018009A66A7 /* Result.framework in Frameworks */,
				4D81D5A61C41A018009A66A7 /* Argo.framework in Frameworks */,
				4D81D5A71C41A018009A66A7 /* ReactiveCocoa.framework in Frameworks */,
			);
			runOnlyForDeploymentPostprocessing = 0;
		};
		4D81D4DC1C41714D009A66A7 /* Frameworks */ = {
			isa = PBXFrameworksBuildPhase;
			buildActionMask = 2147483647;
			files = (
				4D81D5B01C41A023009A66A7 /* Result.framework in Frameworks */,
				4D81D5AE1C41A023009A66A7 /* Argo.framework in Frameworks */,
				4D81D5AF1C41A023009A66A7 /* ReactiveCocoa.framework in Frameworks */,
			);
			runOnlyForDeploymentPostprocessing = 0;
		};
		4D81D53E1C417BA9009A66A7 /* Frameworks */ = {
			isa = PBXFrameworksBuildPhase;
			buildActionMask = 2147483647;
			files = (
				4D81D5891C417DF9009A66A7 /* Argonaut.framework in Frameworks */,
				4D81D5BC1C41A06E009A66A7 /* ReactiveCocoa.framework in Frameworks */,
				4D81D5BA1C41A06E009A66A7 /* Argo.framework in Frameworks */,
				4D81D5BE1C41A06E009A66A7 /* Result.framework in Frameworks */,
			);
			runOnlyForDeploymentPostprocessing = 0;
		};
/* End PBXFrameworksBuildPhase section */

/* Begin PBXGroup section */
		4D7B5CAB1ACD335E0060D4B4 = {
			isa = PBXGroup;
			children = (
				4D7B5CB61ACD335E0060D4B4 /* Example */,
				4D7B5CDF1ACD336F0060D4B4 /* Argonaut */,
				4D7B5CEE1ACD336F0060D4B4 /* ArgonautTests */,
				4D81D5361C417BA8009A66A7 /* ExampleWatch */,
				4D81D5451C417BA9009A66A7 /* ExampleWatch Extension */,
				4D7B5CB51ACD335E0060D4B4 /* Products */,
				4D7B5D401ACD39C70060D4B4 /* Carthage */,
			);
			sourceTree = "<group>";
		};
		4D7B5CB51ACD335E0060D4B4 /* Products */ = {
			isa = PBXGroup;
			children = (
				4D7B5CB41ACD335E0060D4B4 /* Example.app */,
				4D7B5CDE1ACD336F0060D4B4 /* Argonaut.framework */,
				4D7B5CE81ACD336F0060D4B4 /* ArgonautTests.xctest */,
				4D81D4B71C4170DA009A66A7 /* Argonaut.framework */,
				4D81D4E01C41714D009A66A7 /* Argonaut.framework */,
				4D81D5351C417BA8009A66A7 /* ExampleWatch.app */,
				4D81D5411C417BA9009A66A7 /* ExampleWatch Extension.appex */,
			);
			name = Products;
			sourceTree = "<group>";
		};
		4D7B5CB61ACD335E0060D4B4 /* Example */ = {
			isa = PBXGroup;
			children = (
				4D7B5CB91ACD335E0060D4B4 /* AppDelegate.swift */,
				4D7B5CBB1ACD335E0060D4B4 /* ViewController.swift */,
				4D7B5CBD1ACD335E0060D4B4 /* Main.storyboard */,
				4D7B5CC01ACD335E0060D4B4 /* Images.xcassets */,
				4D7B5CC21ACD335E0060D4B4 /* LaunchScreen.xib */,
				4D7B5CB71ACD335E0060D4B4 /* Supporting Files */,
			);
			path = Example;
			sourceTree = "<group>";
		};
		4D7B5CB71ACD335E0060D4B4 /* Supporting Files */ = {
			isa = PBXGroup;
			children = (
				4D7B5CB81ACD335E0060D4B4 /* Info.plist */,
			);
			name = "Supporting Files";
			sourceTree = "<group>";
		};
		4D7B5CDF1ACD336F0060D4B4 /* Argonaut */ = {
			isa = PBXGroup;
			children = (
				4D7B5D001ACD33B90060D4B4 /* JSONMapping.swift */,
				4D7B5D011ACD33B90060D4B4 /* JSONMapping+ReactiveCocoa.swift */,
				4D7B5CFF1ACD33B90060D4B4 /* Encodable.swift */,
				4D7B5CE21ACD336F0060D4B4 /* Argonaut.h */,
				4D7B5CE01ACD336F0060D4B4 /* Supporting Files */,
			);
			path = Argonaut;
			sourceTree = "<group>";
		};
		4D7B5CE01ACD336F0060D4B4 /* Supporting Files */ = {
			isa = PBXGroup;
			children = (
				4D7B5CE11ACD336F0060D4B4 /* Info.plist */,
				4D81D4E81C417179009A66A7 /* Info-tvOS.plist */,
				4D81D4E91C417179009A66A7 /* Info-watchOS.plist */,
			);
			name = "Supporting Files";
			sourceTree = "<group>";
		};
		4D7B5CEE1ACD336F0060D4B4 /* ArgonautTests */ = {
			isa = PBXGroup;
			children = (
				4D7B5CF11ACD336F0060D4B4 /* JSONMappingTests.swift */,
				4D7B5D511ACD4D8F0060D4B4 /* ReactiveJSONMappingTests.swift */,
				4D7B5D411ACD3A230060D4B4 /* User.swift */,
				4D7B5D4B1ACD3FFB0060D4B4 /* Task.swift */,
				4D7B5D531ACD4ECE0060D4B4 /* MockDataLoader.swift */,
				4D7B5D471ACD3DE00060D4B4 /* tasks.json */,
				4D7B5D481ACD3DE00060D4B4 /* user.json */,
				4D7B5D4D1ACD47B90060D4B4 /* tasks_invalid.json */,
				4D7B5D4E1ACD47B90060D4B4 /* user_invalid.json */,
				4D7B5CEF1ACD336F0060D4B4 /* Supporting Files */,
			);
			path = ArgonautTests;
			sourceTree = "<group>";
		};
		4D7B5CEF1ACD336F0060D4B4 /* Supporting Files */ = {
			isa = PBXGroup;
			children = (
				4D7B5CF01ACD336F0060D4B4 /* Info.plist */,
			);
			name = "Supporting Files";
			sourceTree = "<group>";
		};
		4D7B5D401ACD39C70060D4B4 /* Carthage */ = {
			isa = PBXGroup;
			children = (
				4D81D5041C4176F8009A66A7 /* iOS */,
				4D81D5051C417700009A66A7 /* watchOS */,
				4D81D5061C417711009A66A7 /* tvOS */,
			);
			name = Carthage;
			path = Example;
			sourceTree = "<group>";
		};
		4D81D5041C4176F8009A66A7 /* iOS */ = {
			isa = PBXGroup;
			children = (
				4D81D5961C41A003009A66A7 /* Argo.framework */,
				4D81D5971C41A003009A66A7 /* ReactiveCocoa.framework */,
				4D81D5981C41A003009A66A7 /* Result.framework */,
			);
			name = iOS;
			sourceTree = "<group>";
		};
		4D81D5051C417700009A66A7 /* watchOS */ = {
			isa = PBXGroup;
			children = (
				4D81D5AA1C41A023009A66A7 /* Argo.framework */,
				4D81D5AB1C41A023009A66A7 /* ReactiveCocoa.framework */,
				4D81D5AC1C41A023009A66A7 /* Result.framework */,
			);
			name = watchOS;
			sourceTree = "<group>";
		};
		4D81D5061C417711009A66A7 /* tvOS */ = {
			isa = PBXGroup;
			children = (
				4D81D5A21C41A018009A66A7 /* Argo.framework */,
				4D81D5A31C41A018009A66A7 /* ReactiveCocoa.framework */,
				4D81D5A41C41A018009A66A7 /* Result.framework */,
			);
			name = tvOS;
			sourceTree = "<group>";
		};
		4D81D5361C417BA8009A66A7 /* ExampleWatch */ = {
			isa = PBXGroup;
			children = (
				4D81D5371C417BA8009A66A7 /* Interface.storyboard */,
				4D81D53A1C417BA8009A66A7 /* Assets.xcassets */,
				4D81D53C1C417BA8009A66A7 /* Info.plist */,
			);
			path = ExampleWatch;
			sourceTree = "<group>";
		};
		4D81D5451C417BA9009A66A7 /* ExampleWatch Extension */ = {
			isa = PBXGroup;
			children = (
				4D81D5461C417BA9009A66A7 /* InterfaceController.swift */,
				4D81D5481C417BA9009A66A7 /* ExtensionDelegate.swift */,
				4D81D54A1C417BA9009A66A7 /* Assets.xcassets */,
				4D81D54C1C417BA9009A66A7 /* Info.plist */,
			);
			path = "ExampleWatch Extension";
			sourceTree = "<group>";
		};
/* End PBXGroup section */

/* Begin PBXHeadersBuildPhase section */
		4D7B5CDB1ACD336F0060D4B4 /* Headers */ = {
			isa = PBXHeadersBuildPhase;
			buildActionMask = 2147483647;
			files = (
				4D7B5CE31ACD336F0060D4B4 /* Argonaut.h in Headers */,
			);
			runOnlyForDeploymentPostprocessing = 0;
		};
		4D81D4B41C4170DA009A66A7 /* Headers */ = {
			isa = PBXHeadersBuildPhase;
			buildActionMask = 2147483647;
			files = (
				4D81D4EA1C4171AC009A66A7 /* Argonaut.h in Headers */,
			);
			runOnlyForDeploymentPostprocessing = 0;
		};
		4D81D4DD1C41714D009A66A7 /* Headers */ = {
			isa = PBXHeadersBuildPhase;
			buildActionMask = 2147483647;
			files = (
				4D81D4EB1C4171AF009A66A7 /* Argonaut.h in Headers */,
			);
			runOnlyForDeploymentPostprocessing = 0;
		};
/* End PBXHeadersBuildPhase section */

/* Begin PBXNativeTarget section */
		4D7B5CB31ACD335E0060D4B4 /* Example */ = {
			isa = PBXNativeTarget;
			buildConfigurationList = 4D7B5CD31ACD335E0060D4B4 /* Build configuration list for PBXNativeTarget "Example" */;
			buildPhases = (
				4D7B5CB01ACD335E0060D4B4 /* Sources */,
				4D7B5CB11ACD335E0060D4B4 /* Frameworks */,
				4D7B5CB21ACD335E0060D4B4 /* Resources */,
				4D7B5CFA1ACD336F0060D4B4 /* Embed Frameworks */,
				4D81D5571C417BA9009A66A7 /* Embed Watch Content */,
			);
			buildRules = (
			);
			dependencies = (
				4D7B5CF41ACD336F0060D4B4 /* PBXTargetDependency */,
				4D81D54E1C417BA9009A66A7 /* PBXTargetDependency */,
			);
			name = Example;
			productName = Example;
			productReference = 4D7B5CB41ACD335E0060D4B4 /* Example.app */;
			productType = "com.apple.product-type.application";
		};
		4D7B5CDD1ACD336F0060D4B4 /* Argonaut-iOS */ = {
			isa = PBXNativeTarget;
			buildConfigurationList = 4D7B5CF71ACD336F0060D4B4 /* Build configuration list for PBXNativeTarget "Argonaut-iOS" */;
			buildPhases = (
				4D7B5CD91ACD336F0060D4B4 /* Sources */,
				4D7B5CDA1ACD336F0060D4B4 /* Frameworks */,
				4D7B5CDB1ACD336F0060D4B4 /* Headers */,
				4D7B5CDC1ACD336F0060D4B4 /* Resources */,
			);
			buildRules = (
			);
			dependencies = (
			);
			name = "Argonaut-iOS";
			productName = Argonaut;
			productReference = 4D7B5CDE1ACD336F0060D4B4 /* Argonaut.framework */;
			productType = "com.apple.product-type.framework";
		};
		4D7B5CE71ACD336F0060D4B4 /* ArgonautTests */ = {
			isa = PBXNativeTarget;
			buildConfigurationList = 4D7B5CFB1ACD336F0060D4B4 /* Build configuration list for PBXNativeTarget "ArgonautTests" */;
			buildPhases = (
				4D7B5CE41ACD336F0060D4B4 /* Sources */,
				4D7B5CE51ACD336F0060D4B4 /* Frameworks */,
				4D7B5CE61ACD336F0060D4B4 /* Resources */,
			);
			buildRules = (
			);
			dependencies = (
				4D7B5CEB1ACD336F0060D4B4 /* PBXTargetDependency */,
				4D9BD84F1AEFDFFA00E77E40 /* PBXTargetDependency */,
			);
			name = ArgonautTests;
			productName = ArgonautTests;
			productReference = 4D7B5CE81ACD336F0060D4B4 /* ArgonautTests.xctest */;
			productType = "com.apple.product-type.bundle.unit-test";
		};
		4D81D4B61C4170DA009A66A7 /* Argonaut-tvOS */ = {
			isa = PBXNativeTarget;
			buildConfigurationList = 4D81D4C81C4170DA009A66A7 /* Build configuration list for PBXNativeTarget "Argonaut-tvOS" */;
			buildPhases = (
				4D81D4B21C4170DA009A66A7 /* Sources */,
				4D81D4B31C4170DA009A66A7 /* Frameworks */,
				4D81D4B41C4170DA009A66A7 /* Headers */,
				4D81D4B51C4170DA009A66A7 /* Resources */,
			);
			buildRules = (
			);
			dependencies = (
			);
			name = "Argonaut-tvOS";
			productName = "Argonaut-tvOS";
			productReference = 4D81D4B71C4170DA009A66A7 /* Argonaut.framework */;
			productType = "com.apple.product-type.framework";
		};
		4D81D4DF1C41714D009A66A7 /* Argonaut-watchOS */ = {
			isa = PBXNativeTarget;
			buildConfigurationList = 4D81D4E51C41714D009A66A7 /* Build configuration list for PBXNativeTarget "Argonaut-watchOS" */;
			buildPhases = (
				4D81D4DB1C41714D009A66A7 /* Sources */,
				4D81D4DC1C41714D009A66A7 /* Frameworks */,
				4D81D4DD1C41714D009A66A7 /* Headers */,
				4D81D4DE1C41714D009A66A7 /* Resources */,
			);
			buildRules = (
			);
			dependencies = (
			);
			name = "Argonaut-watchOS";
			productName = "Argonaut-watchOS";
			productReference = 4D81D4E01C41714D009A66A7 /* Argonaut.framework */;
			productType = "com.apple.product-type.framework";
		};
		4D81D5341C417BA8009A66A7 /* ExampleWatch */ = {
			isa = PBXNativeTarget;
			buildConfigurationList = 4D81D5541C417BA9009A66A7 /* Build configuration list for PBXNativeTarget "ExampleWatch" */;
			buildPhases = (
				4D81D5331C417BA8009A66A7 /* Resources */,
				4D81D5531C417BA9009A66A7 /* Embed App Extensions */,
			);
			buildRules = (
			);
			dependencies = (
				4D81D5441C417BA9009A66A7 /* PBXTargetDependency */,
			);
			name = ExampleWatch;
			productName = ExampleWatch;
			productReference = 4D81D5351C417BA8009A66A7 /* ExampleWatch.app */;
			productType = "com.apple.product-type.application.watchapp2";
		};
		4D81D5401C417BA9009A66A7 /* ExampleWatch Extension */ = {
			isa = PBXNativeTarget;
			buildConfigurationList = 4D81D5501C417BA9009A66A7 /* Build configuration list for PBXNativeTarget "ExampleWatch Extension" */;
			buildPhases = (
				4D81D53D1C417BA9009A66A7 /* Sources */,
				4D81D53E1C417BA9009A66A7 /* Frameworks */,
				4D81D53F1C417BA9009A66A7 /* Resources */,
				4D81D58D1C417DF9009A66A7 /* Embed Frameworks */,
			);
			buildRules = (
			);
			dependencies = (
				4D81D58C1C417DF9009A66A7 /* PBXTargetDependency */,
			);
			name = "ExampleWatch Extension";
			productName = "ExampleWatch Extension";
			productReference = 4D81D5411C417BA9009A66A7 /* ExampleWatch Extension.appex */;
			productType = "com.apple.product-type.watchkit2-extension";
		};
/* End PBXNativeTarget section */

/* Begin PBXProject section */
		4D7B5CAC1ACD335E0060D4B4 /* Project object */ = {
			isa = PBXProject;
			attributes = {
				LastSwiftMigration = 0700;
				LastSwiftUpdateCheck = 0720;
				LastUpgradeCheck = 0700;
				ORGANIZATIONNAME = "Alexander Schuch";
				TargetAttributes = {
					4D7B5CB31ACD335E0060D4B4 = {
						CreatedOnToolsVersion = 6.3;
					};
					4D7B5CDD1ACD336F0060D4B4 = {
						CreatedOnToolsVersion = 6.3;
					};
					4D7B5CE71ACD336F0060D4B4 = {
						CreatedOnToolsVersion = 6.3;
						TestTargetID = 4D7B5CB31ACD335E0060D4B4;
					};
					4D81D4B61C4170DA009A66A7 = {
						CreatedOnToolsVersion = 7.2;
					};
					4D81D4DF1C41714D009A66A7 = {
						CreatedOnToolsVersion = 7.2;
					};
					4D81D5341C417BA8009A66A7 = {
						CreatedOnToolsVersion = 7.2;
					};
					4D81D5401C417BA9009A66A7 = {
						CreatedOnToolsVersion = 7.2;
					};
				};
			};
			buildConfigurationList = 4D7B5CAF1ACD335E0060D4B4 /* Build configuration list for PBXProject "Example" */;
			compatibilityVersion = "Xcode 3.2";
			developmentRegion = English;
			hasScannedForEncodings = 0;
			knownRegions = (
				en,
				Base,
			);
			mainGroup = 4D7B5CAB1ACD335E0060D4B4;
			productRefGroup = 4D7B5CB51ACD335E0060D4B4 /* Products */;
			projectDirPath = "";
			projectRoot = "";
			targets = (
				4D7B5CB31ACD335E0060D4B4 /* Example */,
				4D7B5CDD1ACD336F0060D4B4 /* Argonaut-iOS */,
				4D7B5CE71ACD336F0060D4B4 /* ArgonautTests */,
				4D81D4B61C4170DA009A66A7 /* Argonaut-tvOS */,
				4D81D4DF1C41714D009A66A7 /* Argonaut-watchOS */,
				4D81D5341C417BA8009A66A7 /* ExampleWatch */,
				4D81D5401C417BA9009A66A7 /* ExampleWatch Extension */,
			);
		};
/* End PBXProject section */

/* Begin PBXResourcesBuildPhase section */
		4D7B5CB21ACD335E0060D4B4 /* Resources */ = {
			isa = PBXResourcesBuildPhase;
			buildActionMask = 2147483647;
			files = (
				4D7B5CBF1ACD335E0060D4B4 /* Main.storyboard in Resources */,
				4D7B5CC41ACD335E0060D4B4 /* LaunchScreen.xib in Resources */,
				4D7B5CC11ACD335E0060D4B4 /* Images.xcassets in Resources */,
			);
			runOnlyForDeploymentPostprocessing = 0;
		};
		4D7B5CDC1ACD336F0060D4B4 /* Resources */ = {
			isa = PBXResourcesBuildPhase;
			buildActionMask = 2147483647;
			files = (
			);
			runOnlyForDeploymentPostprocessing = 0;
		};
		4D7B5CE61ACD336F0060D4B4 /* Resources */ = {
			isa = PBXResourcesBuildPhase;
			buildActionMask = 2147483647;
			files = (
				4D7B5D4A1ACD3DE00060D4B4 /* user.json in Resources */,
				4D7B5D4F1ACD47B90060D4B4 /* tasks_invalid.json in Resources */,
				4D7B5D501ACD47B90060D4B4 /* user_invalid.json in Resources */,
				4D7B5D491ACD3DE00060D4B4 /* tasks.json in Resources */,
			);
			runOnlyForDeploymentPostprocessing = 0;
		};
		4D81D4B51C4170DA009A66A7 /* Resources */ = {
			isa = PBXResourcesBuildPhase;
			buildActionMask = 2147483647;
			files = (
			);
			runOnlyForDeploymentPostprocessing = 0;
		};
		4D81D4DE1C41714D009A66A7 /* Resources */ = {
			isa = PBXResourcesBuildPhase;
			buildActionMask = 2147483647;
			files = (
			);
			runOnlyForDeploymentPostprocessing = 0;
		};
		4D81D5331C417BA8009A66A7 /* Resources */ = {
			isa = PBXResourcesBuildPhase;
			buildActionMask = 2147483647;
			files = (
				4D81D53B1C417BA8009A66A7 /* Assets.xcassets in Resources */,
				4D81D5391C417BA8009A66A7 /* Interface.storyboard in Resources */,
			);
			runOnlyForDeploymentPostprocessing = 0;
		};
		4D81D53F1C417BA9009A66A7 /* Resources */ = {
			isa = PBXResourcesBuildPhase;
			buildActionMask = 2147483647;
			files = (
				4D81D54B1C417BA9009A66A7 /* Assets.xcassets in Resources */,
			);
			runOnlyForDeploymentPostprocessing = 0;
		};
/* End PBXResourcesBuildPhase section */

/* Begin PBXSourcesBuildPhase section */
		4D7B5CB01ACD335E0060D4B4 /* Sources */ = {
			isa = PBXSourcesBuildPhase;
			buildActionMask = 2147483647;
			files = (
				4D7B5CBC1ACD335E0060D4B4 /* ViewController.swift in Sources */,
				4D7B5CBA1ACD335E0060D4B4 /* AppDelegate.swift in Sources */,
			);
			runOnlyForDeploymentPostprocessing = 0;
		};
		4D7B5CD91ACD336F0060D4B4 /* Sources */ = {
			isa = PBXSourcesBuildPhase;
			buildActionMask = 2147483647;
			files = (
				4D7B5D051ACD33B90060D4B4 /* JSONMapping.swift in Sources */,
				4D7B5D041ACD33B90060D4B4 /* Encodable.swift in Sources */,
				4D7B5D061ACD33B90060D4B4 /* JSONMapping+ReactiveCocoa.swift in Sources */,
			);
			runOnlyForDeploymentPostprocessing = 0;
		};
		4D7B5CE41ACD336F0060D4B4 /* Sources */ = {
			isa = PBXSourcesBuildPhase;
			buildActionMask = 2147483647;
			files = (
				4D7B5D421ACD3A230060D4B4 /* User.swift in Sources */,
				4D7B5D521ACD4D8F0060D4B4 /* ReactiveJSONMappingTests.swift in Sources */,
				4D7B5D541ACD4ECE0060D4B4 /* MockDataLoader.swift in Sources */,
				4D7B5D4C1ACD3FFB0060D4B4 /* Task.swift in Sources */,
				4D7B5CF21ACD336F0060D4B4 /* JSONMappingTests.swift in Sources */,
			);
			runOnlyForDeploymentPostprocessing = 0;
		};
		4D81D4B21C4170DA009A66A7 /* Sources */ = {
			isa = PBXSourcesBuildPhase;
			buildActionMask = 2147483647;
			files = (
				4D81D4EC1C4171B2009A66A7 /* JSONMapping.swift in Sources */,
				4D81D4F01C4171B8009A66A7 /* Encodable.swift in Sources */,
				4D81D4EE1C4171B6009A66A7 /* JSONMapping+ReactiveCocoa.swift in Sources */,
			);
			runOnlyForDeploymentPostprocessing = 0;
		};
		4D81D4DB1C41714D009A66A7 /* Sources */ = {
			isa = PBXSourcesBuildPhase;
			buildActionMask = 2147483647;
			files = (
				4D81D5781C417D8D009A66A7 /* JSONMapping.swift in Sources */,
				4D81D4F11C4171B9009A66A7 /* Encodable.swift in Sources */,
				4D81D4EF1C4171B6009A66A7 /* JSONMapping+ReactiveCocoa.swift in Sources */,
			);
			runOnlyForDeploymentPostprocessing = 0;
		};
		4D81D53D1C417BA9009A66A7 /* Sources */ = {
			isa = PBXSourcesBuildPhase;
			buildActionMask = 2147483647;
			files = (
				4D81D5491C417BA9009A66A7 /* ExtensionDelegate.swift in Sources */,
				4D81D5471C417BA9009A66A7 /* InterfaceController.swift in Sources */,
			);
			runOnlyForDeploymentPostprocessing = 0;
		};
/* End PBXSourcesBuildPhase section */

/* Begin PBXTargetDependency section */
		4D7B5CEB1ACD336F0060D4B4 /* PBXTargetDependency */ = {
			isa = PBXTargetDependency;
			target = 4D7B5CDD1ACD336F0060D4B4 /* Argonaut-iOS */;
			targetProxy = 4D7B5CEA1ACD336F0060D4B4 /* PBXContainerItemProxy */;
		};
		4D7B5CF41ACD336F0060D4B4 /* PBXTargetDependency */ = {
			isa = PBXTargetDependency;
			target = 4D7B5CDD1ACD336F0060D4B4 /* Argonaut-iOS */;
			targetProxy = 4D7B5CF31ACD336F0060D4B4 /* PBXContainerItemProxy */;
		};
		4D81D5441C417BA9009A66A7 /* PBXTargetDependency */ = {
			isa = PBXTargetDependency;
			target = 4D81D5401C417BA9009A66A7 /* ExampleWatch Extension */;
			targetProxy = 4D81D5431C417BA9009A66A7 /* PBXContainerItemProxy */;
		};
		4D81D54E1C417BA9009A66A7 /* PBXTargetDependency */ = {
			isa = PBXTargetDependency;
			target = 4D81D5341C417BA8009A66A7 /* ExampleWatch */;
			targetProxy = 4D81D54D1C417BA9009A66A7 /* PBXContainerItemProxy */;
		};
		4D81D58C1C417DF9009A66A7 /* PBXTargetDependency */ = {
			isa = PBXTargetDependency;
			target = 4D81D4DF1C41714D009A66A7 /* Argonaut-watchOS */;
			targetProxy = 4D81D58B1C417DF9009A66A7 /* PBXContainerItemProxy */;
		};
		4D9BD84F1AEFDFFA00E77E40 /* PBXTargetDependency */ = {
			isa = PBXTargetDependency;
			target = 4D7B5CB31ACD335E0060D4B4 /* Example */;
			targetProxy = 4D9BD84E1AEFDFFA00E77E40 /* PBXContainerItemProxy */;
		};
/* End PBXTargetDependency section */

/* Begin PBXVariantGroup section */
		4D7B5CBD1ACD335E0060D4B4 /* Main.storyboard */ = {
			isa = PBXVariantGroup;
			children = (
				4D7B5CBE1ACD335E0060D4B4 /* Base */,
			);
			name = Main.storyboard;
			sourceTree = "<group>";
		};
		4D7B5CC21ACD335E0060D4B4 /* LaunchScreen.xib */ = {
			isa = PBXVariantGroup;
			children = (
				4D7B5CC31ACD335E0060D4B4 /* Base */,
			);
			name = LaunchScreen.xib;
			sourceTree = "<group>";
		};
		4D81D5371C417BA8009A66A7 /* Interface.storyboard */ = {
			isa = PBXVariantGroup;
			children = (
				4D81D5381C417BA8009A66A7 /* Base */,
			);
			name = Interface.storyboard;
			sourceTree = "<group>";
		};
/* End PBXVariantGroup section */

/* Begin XCBuildConfiguration section */
		4D7B5CD11ACD335E0060D4B4 /* Debug */ = {
			isa = XCBuildConfiguration;
			buildSettings = {
				ALWAYS_SEARCH_USER_PATHS = NO;
				CLANG_CXX_LANGUAGE_STANDARD = "gnu++0x";
				CLANG_CXX_LIBRARY = "libc++";
				CLANG_ENABLE_MODULES = YES;
				CLANG_ENABLE_OBJC_ARC = YES;
				CLANG_WARN_BOOL_CONVERSION = YES;
				CLANG_WARN_CONSTANT_CONVERSION = YES;
				CLANG_WARN_DIRECT_OBJC_ISA_USAGE = YES_ERROR;
				CLANG_WARN_EMPTY_BODY = YES;
				CLANG_WARN_ENUM_CONVERSION = YES;
				CLANG_WARN_INT_CONVERSION = YES;
				CLANG_WARN_OBJC_ROOT_CLASS = YES_ERROR;
				CLANG_WARN_UNREACHABLE_CODE = YES;
				CLANG_WARN__DUPLICATE_METHOD_MATCH = YES;
				"CODE_SIGN_IDENTITY[sdk=iphoneos*]" = "iPhone Developer";
				COPY_PHASE_STRIP = NO;
				DEBUG_INFORMATION_FORMAT = "dwarf-with-dsym";
				ENABLE_STRICT_OBJC_MSGSEND = YES;
				ENABLE_TESTABILITY = YES;
				GCC_C_LANGUAGE_STANDARD = gnu99;
				GCC_DYNAMIC_NO_PIC = NO;
				GCC_NO_COMMON_BLOCKS = YES;
				GCC_OPTIMIZATION_LEVEL = 0;
				GCC_PREPROCESSOR_DEFINITIONS = (
					"DEBUG=1",
					"$(inherited)",
				);
				GCC_SYMBOLS_PRIVATE_EXTERN = NO;
				GCC_WARN_64_TO_32_BIT_CONVERSION = YES;
				GCC_WARN_ABOUT_RETURN_TYPE = YES_ERROR;
				GCC_WARN_UNDECLARED_SELECTOR = YES;
				GCC_WARN_UNINITIALIZED_AUTOS = YES_AGGRESSIVE;
				GCC_WARN_UNUSED_FUNCTION = YES;
				GCC_WARN_UNUSED_VARIABLE = YES;
				IPHONEOS_DEPLOYMENT_TARGET = 8.0;
				MTL_ENABLE_DEBUG_INFO = YES;
				ONLY_ACTIVE_ARCH = YES;
				SDKROOT = iphoneos;
				SWIFT_OPTIMIZATION_LEVEL = "-Onone";
				TARGETED_DEVICE_FAMILY = "1,2";
			};
			name = Debug;
		};
		4D7B5CD21ACD335E0060D4B4 /* Release */ = {
			isa = XCBuildConfiguration;
			buildSettings = {
				ALWAYS_SEARCH_USER_PATHS = NO;
				CLANG_CXX_LANGUAGE_STANDARD = "gnu++0x";
				CLANG_CXX_LIBRARY = "libc++";
				CLANG_ENABLE_MODULES = YES;
				CLANG_ENABLE_OBJC_ARC = YES;
				CLANG_WARN_BOOL_CONVERSION = YES;
				CLANG_WARN_CONSTANT_CONVERSION = YES;
				CLANG_WARN_DIRECT_OBJC_ISA_USAGE = YES_ERROR;
				CLANG_WARN_EMPTY_BODY = YES;
				CLANG_WARN_ENUM_CONVERSION = YES;
				CLANG_WARN_INT_CONVERSION = YES;
				CLANG_WARN_OBJC_ROOT_CLASS = YES_ERROR;
				CLANG_WARN_UNREACHABLE_CODE = YES;
				CLANG_WARN__DUPLICATE_METHOD_MATCH = YES;
				"CODE_SIGN_IDENTITY[sdk=iphoneos*]" = "iPhone Developer";
				COPY_PHASE_STRIP = NO;
				DEBUG_INFORMATION_FORMAT = "dwarf-with-dsym";
				ENABLE_NS_ASSERTIONS = NO;
				ENABLE_STRICT_OBJC_MSGSEND = YES;
				GCC_C_LANGUAGE_STANDARD = gnu99;
				GCC_NO_COMMON_BLOCKS = YES;
				GCC_WARN_64_TO_32_BIT_CONVERSION = YES;
				GCC_WARN_ABOUT_RETURN_TYPE = YES_ERROR;
				GCC_WARN_UNDECLARED_SELECTOR = YES;
				GCC_WARN_UNINITIALIZED_AUTOS = YES_AGGRESSIVE;
				GCC_WARN_UNUSED_FUNCTION = YES;
				GCC_WARN_UNUSED_VARIABLE = YES;
				IPHONEOS_DEPLOYMENT_TARGET = 8.0;
				MTL_ENABLE_DEBUG_INFO = NO;
				SDKROOT = iphoneos;
				TARGETED_DEVICE_FAMILY = "1,2";
				VALIDATE_PRODUCT = YES;
			};
			name = Release;
		};
		4D7B5CD41ACD335E0060D4B4 /* Debug */ = {
			isa = XCBuildConfiguration;
			buildSettings = {
				ASSETCATALOG_COMPILER_APPICON_NAME = AppIcon;
				FRAMEWORK_SEARCH_PATHS = (
					"$(inherited)",
					"$(PROJECT_DIR)/Carthage/Build/iOS",
					"$(PROJECT_DIR)/Example",
				);
				INFOPLIST_FILE = Example/Info.plist;
				LD_RUNPATH_SEARCH_PATHS = "$(inherited) @executable_path/Frameworks";
				PRODUCT_BUNDLE_IDENTIFIER = "com.aschuch.$(PRODUCT_NAME:rfc1034identifier)";
				PRODUCT_NAME = "$(TARGET_NAME)";
			};
			name = Debug;
		};
		4D7B5CD51ACD335E0060D4B4 /* Release */ = {
			isa = XCBuildConfiguration;
			buildSettings = {
				ASSETCATALOG_COMPILER_APPICON_NAME = AppIcon;
				FRAMEWORK_SEARCH_PATHS = (
					"$(inherited)",
					"$(PROJECT_DIR)/Carthage/Build/iOS",
					"$(PROJECT_DIR)/Example",
				);
				INFOPLIST_FILE = Example/Info.plist;
				LD_RUNPATH_SEARCH_PATHS = "$(inherited) @executable_path/Frameworks";
				PRODUCT_BUNDLE_IDENTIFIER = "com.aschuch.$(PRODUCT_NAME:rfc1034identifier)";
				PRODUCT_NAME = "$(TARGET_NAME)";
			};
			name = Release;
		};
		4D7B5CF81ACD336F0060D4B4 /* Debug */ = {
			isa = XCBuildConfiguration;
			buildSettings = {
				CLANG_ENABLE_MODULES = YES;
				CURRENT_PROJECT_VERSION = 1;
				DEFINES_MODULE = YES;
				DYLIB_COMPATIBILITY_VERSION = 1;
				DYLIB_CURRENT_VERSION = 1;
				DYLIB_INSTALL_NAME_BASE = "@rpath";
				FRAMEWORK_SEARCH_PATHS = (
					"$(inherited)",
					"$(PROJECT_DIR)/Carthage/Build/iOS",
					"$(PROJECT_DIR)/Example",
				);
				GCC_PREPROCESSOR_DEFINITIONS = (
					"DEBUG=1",
					"$(inherited)",
				);
				INFOPLIST_FILE = Argonaut/Info.plist;
				INSTALL_PATH = "$(LOCAL_LIBRARY_DIR)/Frameworks";
				LD_RUNPATH_SEARCH_PATHS = "$(inherited) @executable_path/Frameworks @loader_path/Frameworks";
				PRODUCT_BUNDLE_IDENTIFIER = "com.aschuch.$(PRODUCT_NAME:rfc1034identifier)";
				PRODUCT_NAME = Argonaut;
				SKIP_INSTALL = YES;
				SWIFT_OPTIMIZATION_LEVEL = "-Onone";
				VERSIONING_SYSTEM = "apple-generic";
				VERSION_INFO_PREFIX = "";
			};
			name = Debug;
		};
		4D7B5CF91ACD336F0060D4B4 /* Release */ = {
			isa = XCBuildConfiguration;
			buildSettings = {
				CLANG_ENABLE_MODULES = YES;
				CURRENT_PROJECT_VERSION = 1;
				DEFINES_MODULE = YES;
				DYLIB_COMPATIBILITY_VERSION = 1;
				DYLIB_CURRENT_VERSION = 1;
				DYLIB_INSTALL_NAME_BASE = "@rpath";
				FRAMEWORK_SEARCH_PATHS = (
					"$(inherited)",
					"$(PROJECT_DIR)/Carthage/Build/iOS",
					"$(PROJECT_DIR)/Example",
				);
				INFOPLIST_FILE = Argonaut/Info.plist;
				INSTALL_PATH = "$(LOCAL_LIBRARY_DIR)/Frameworks";
				LD_RUNPATH_SEARCH_PATHS = "$(inherited) @executable_path/Frameworks @loader_path/Frameworks";
				PRODUCT_BUNDLE_IDENTIFIER = "com.aschuch.$(PRODUCT_NAME:rfc1034identifier)";
				PRODUCT_NAME = Argonaut;
				SKIP_INSTALL = YES;
				VERSIONING_SYSTEM = "apple-generic";
				VERSION_INFO_PREFIX = "";
			};
			name = Release;
		};
		4D7B5CFC1ACD336F0060D4B4 /* Debug */ = {
			isa = XCBuildConfiguration;
			buildSettings = {
				FRAMEWORK_SEARCH_PATHS = (
					"$(PROJECT_DIR)/Example",
					"$(inherited)",
					"$(PROJECT_DIR)/Carthage/Build/iOS",
				);
				GCC_PREPROCESSOR_DEFINITIONS = (
					"DEBUG=1",
					"$(inherited)",
				);
				INFOPLIST_FILE = ArgonautTests/Info.plist;
				LD_RUNPATH_SEARCH_PATHS = "$(inherited) @executable_path/Frameworks @loader_path/Frameworks";
				PRODUCT_BUNDLE_IDENTIFIER = "com.aschuch.$(PRODUCT_NAME:rfc1034identifier)";
				PRODUCT_NAME = "$(TARGET_NAME)";
				TEST_HOST = "$(BUILT_PRODUCTS_DIR)/Example.app/Example";
			};
			name = Debug;
		};
		4D7B5CFD1ACD336F0060D4B4 /* Release */ = {
			isa = XCBuildConfiguration;
			buildSettings = {
				FRAMEWORK_SEARCH_PATHS = (
					"$(PROJECT_DIR)/Example",
					"$(inherited)",
					"$(PROJECT_DIR)/Carthage/Build/iOS",
				);
				INFOPLIST_FILE = ArgonautTests/Info.plist;
				LD_RUNPATH_SEARCH_PATHS = "$(inherited) @executable_path/Frameworks @loader_path/Frameworks";
				PRODUCT_BUNDLE_IDENTIFIER = "com.aschuch.$(PRODUCT_NAME:rfc1034identifier)";
				PRODUCT_NAME = "$(TARGET_NAME)";
				TEST_HOST = "$(BUILT_PRODUCTS_DIR)/Example.app/Example";
			};
			name = Release;
		};
		4D81D4C91C4170DA009A66A7 /* Debug */ = {
			isa = XCBuildConfiguration;
			buildSettings = {
				CURRENT_PROJECT_VERSION = 1;
				DEBUG_INFORMATION_FORMAT = dwarf;
				DEFINES_MODULE = YES;
				DYLIB_COMPATIBILITY_VERSION = 1;
				DYLIB_CURRENT_VERSION = 1;
				DYLIB_INSTALL_NAME_BASE = "@rpath";
				FRAMEWORK_SEARCH_PATHS = (
					"$(inherited)",
					"$(PROJECT_DIR)/Example",
					"$(PROJECT_DIR)/Carthage/Build/tvOS",
				);
				INFOPLIST_FILE = "Argonaut/Info-tvOS.plist";
				INSTALL_PATH = "$(LOCAL_LIBRARY_DIR)/Frameworks";
				LD_RUNPATH_SEARCH_PATHS = "$(inherited) @executable_path/Frameworks @loader_path/Frameworks";
				PRODUCT_BUNDLE_IDENTIFIER = "com.aschuch.Argonaut-tvOS";
				PRODUCT_NAME = Argonaut;
				SDKROOT = appletvos;
				SKIP_INSTALL = YES;
				TARGETED_DEVICE_FAMILY = 3;
				TVOS_DEPLOYMENT_TARGET = 9.1;
				VERSIONING_SYSTEM = "apple-generic";
				VERSION_INFO_PREFIX = "";
			};
			name = Debug;
		};
		4D81D4CA1C4170DA009A66A7 /* Release */ = {
			isa = XCBuildConfiguration;
			buildSettings = {
				CURRENT_PROJECT_VERSION = 1;
				DEFINES_MODULE = YES;
				DYLIB_COMPATIBILITY_VERSION = 1;
				DYLIB_CURRENT_VERSION = 1;
				DYLIB_INSTALL_NAME_BASE = "@rpath";
				FRAMEWORK_SEARCH_PATHS = (
					"$(inherited)",
					"$(PROJECT_DIR)/Example",
					"$(PROJECT_DIR)/Carthage/Build/tvOS",
				);
				INFOPLIST_FILE = "Argonaut/Info-tvOS.plist";
				INSTALL_PATH = "$(LOCAL_LIBRARY_DIR)/Frameworks";
				LD_RUNPATH_SEARCH_PATHS = "$(inherited) @executable_path/Frameworks @loader_path/Frameworks";
				PRODUCT_BUNDLE_IDENTIFIER = "com.aschuch.Argonaut-tvOS";
				PRODUCT_NAME = Argonaut;
				SDKROOT = appletvos;
				SKIP_INSTALL = YES;
				TARGETED_DEVICE_FAMILY = 3;
				TVOS_DEPLOYMENT_TARGET = 9.1;
				VERSIONING_SYSTEM = "apple-generic";
				VERSION_INFO_PREFIX = "";
			};
			name = Release;
		};
		4D81D4E61C41714D009A66A7 /* Debug */ = {
			isa = XCBuildConfiguration;
			buildSettings = {
				APPLICATION_EXTENSION_API_ONLY = YES;
				CURRENT_PROJECT_VERSION = 1;
				DEBUG_INFORMATION_FORMAT = dwarf;
				DEFINES_MODULE = YES;
				DYLIB_COMPATIBILITY_VERSION = 1;
				DYLIB_CURRENT_VERSION = 1;
				DYLIB_INSTALL_NAME_BASE = "@rpath";
				FRAMEWORK_SEARCH_PATHS = (
					"$(inherited)",
					"$(PROJECT_DIR)/Example",
					"$(PROJECT_DIR)/Carthage/Build/watchOS",
				);
				INFOPLIST_FILE = "Argonaut/Info-watchOS.plist";
				INSTALL_PATH = "$(LOCAL_LIBRARY_DIR)/Frameworks";
				LD_RUNPATH_SEARCH_PATHS = "$(inherited) @executable_path/Frameworks @loader_path/Frameworks";
				PRODUCT_BUNDLE_IDENTIFIER = "com.aschuch.Argonaut-watchOS";
				PRODUCT_NAME = Argonaut;
				SDKROOT = watchos;
				SKIP_INSTALL = YES;
				TARGETED_DEVICE_FAMILY = 4;
				VERSIONING_SYSTEM = "apple-generic";
				VERSION_INFO_PREFIX = "";
				WATCHOS_DEPLOYMENT_TARGET = 2.1;
			};
			name = Debug;
		};
		4D81D4E71C41714D009A66A7 /* Release */ = {
			isa = XCBuildConfiguration;
			buildSettings = {
				APPLICATION_EXTENSION_API_ONLY = YES;
				CURRENT_PROJECT_VERSION = 1;
				DEFINES_MODULE = YES;
				DYLIB_COMPATIBILITY_VERSION = 1;
				DYLIB_CURRENT_VERSION = 1;
				DYLIB_INSTALL_NAME_BASE = "@rpath";
				FRAMEWORK_SEARCH_PATHS = (
					"$(inherited)",
					"$(PROJECT_DIR)/Example",
					"$(PROJECT_DIR)/Carthage/Build/watchOS",
				);
				INFOPLIST_FILE = "Argonaut/Info-watchOS.plist";
				INSTALL_PATH = "$(LOCAL_LIBRARY_DIR)/Frameworks";
				LD_RUNPATH_SEARCH_PATHS = "$(inherited) @executable_path/Frameworks @loader_path/Frameworks";
				PRODUCT_BUNDLE_IDENTIFIER = "com.aschuch.Argonaut-watchOS";
				PRODUCT_NAME = Argonaut;
				SDKROOT = watchos;
				SKIP_INSTALL = YES;
				TARGETED_DEVICE_FAMILY = 4;
				VERSIONING_SYSTEM = "apple-generic";
				VERSION_INFO_PREFIX = "";
				WATCHOS_DEPLOYMENT_TARGET = 2.1;
			};
			name = Release;
		};
		4D81D5511C417BA9009A66A7 /* Debug */ = {
			isa = XCBuildConfiguration;
			buildSettings = {
				DEBUG_INFORMATION_FORMAT = dwarf;
				EMBEDDED_CONTENT_CONTAINS_SWIFT = YES;
				FRAMEWORK_SEARCH_PATHS = (
					"$(inherited)",
					"$(PROJECT_DIR)/Example",
					"$(PROJECT_DIR)/Carthage/Build/watchOS",
				);
				INFOPLIST_FILE = "ExampleWatch Extension/Info.plist";
				LD_RUNPATH_SEARCH_PATHS = "$(inherited) @executable_path/Frameworks @executable_path/../../Frameworks";
				PRODUCT_BUNDLE_IDENTIFIER = com.aschuch.Example.watchkitapp.watchkitextension;
				PRODUCT_NAME = "${TARGET_NAME}";
				SDKROOT = watchos;
				SKIP_INSTALL = YES;
				TARGETED_DEVICE_FAMILY = 4;
				WATCHOS_DEPLOYMENT_TARGET = 2.1;
			};
			name = Debug;
		};
		4D81D5521C417BA9009A66A7 /* Release */ = {
			isa = XCBuildConfiguration;
			buildSettings = {
				EMBEDDED_CONTENT_CONTAINS_SWIFT = YES;
				FRAMEWORK_SEARCH_PATHS = (
					"$(inherited)",
					"$(PROJECT_DIR)/Example",
					"$(PROJECT_DIR)/Carthage/Build/watchOS",
				);
				INFOPLIST_FILE = "ExampleWatch Extension/Info.plist";
				LD_RUNPATH_SEARCH_PATHS = "$(inherited) @executable_path/Frameworks @executable_path/../../Frameworks";
				PRODUCT_BUNDLE_IDENTIFIER = com.aschuch.Example.watchkitapp.watchkitextension;
				PRODUCT_NAME = "${TARGET_NAME}";
				SDKROOT = watchos;
				SKIP_INSTALL = YES;
				TARGETED_DEVICE_FAMILY = 4;
				WATCHOS_DEPLOYMENT_TARGET = 2.1;
			};
			name = Release;
		};
		4D81D5551C417BA9009A66A7 /* Debug */ = {
			isa = XCBuildConfiguration;
			buildSettings = {
				ASSETCATALOG_COMPILER_APPICON_NAME = AppIcon;
				DEBUG_INFORMATION_FORMAT = dwarf;
				EMBEDDED_CONTENT_CONTAINS_SWIFT = YES;
				IBSC_MODULE = ExampleWatch_Extension;
				INFOPLIST_FILE = ExampleWatch/Info.plist;
				PRODUCT_BUNDLE_IDENTIFIER = com.aschuch.Example.watchkitapp;
				PRODUCT_NAME = "$(TARGET_NAME)";
				SDKROOT = watchos;
				SKIP_INSTALL = YES;
				TARGETED_DEVICE_FAMILY = 4;
				WATCHOS_DEPLOYMENT_TARGET = 2.1;
			};
			name = Debug;
		};
		4D81D5561C417BA9009A66A7 /* Release */ = {
			isa = XCBuildConfiguration;
			buildSettings = {
				ASSETCATALOG_COMPILER_APPICON_NAME = AppIcon;
				EMBEDDED_CONTENT_CONTAINS_SWIFT = YES;
				IBSC_MODULE = ExampleWatch_Extension;
				INFOPLIST_FILE = ExampleWatch/Info.plist;
				PRODUCT_BUNDLE_IDENTIFIER = com.aschuch.Example.watchkitapp;
				PRODUCT_NAME = "$(TARGET_NAME)";
				SDKROOT = watchos;
				SKIP_INSTALL = YES;
				TARGETED_DEVICE_FAMILY = 4;
				WATCHOS_DEPLOYMENT_TARGET = 2.1;
			};
			name = Release;
		};
/* End XCBuildConfiguration section */

/* Begin XCConfigurationList section */
		4D7B5CAF1ACD335E0060D4B4 /* Build configuration list for PBXProject "Example" */ = {
			isa = XCConfigurationList;
			buildConfigurations = (
				4D7B5CD11ACD335E0060D4B4 /* Debug */,
				4D7B5CD21ACD335E0060D4B4 /* Release */,
			);
			defaultConfigurationIsVisible = 0;
			defaultConfigurationName = Release;
		};
		4D7B5CD31ACD335E0060D4B4 /* Build configuration list for PBXNativeTarget "Example" */ = {
			isa = XCConfigurationList;
			buildConfigurations = (
				4D7B5CD41ACD335E0060D4B4 /* Debug */,
				4D7B5CD51ACD335E0060D4B4 /* Release */,
			);
			defaultConfigurationIsVisible = 0;
			defaultConfigurationName = Release;
		};
		4D7B5CF71ACD336F0060D4B4 /* Build configuration list for PBXNativeTarget "Argonaut-iOS" */ = {
			isa = XCConfigurationList;
			buildConfigurations = (
				4D7B5CF81ACD336F0060D4B4 /* Debug */,
				4D7B5CF91ACD336F0060D4B4 /* Release */,
			);
			defaultConfigurationIsVisible = 0;
			defaultConfigurationName = Release;
		};
		4D7B5CFB1ACD336F0060D4B4 /* Build configuration list for PBXNativeTarget "ArgonautTests" */ = {
			isa = XCConfigurationList;
			buildConfigurations = (
				4D7B5CFC1ACD336F0060D4B4 /* Debug */,
				4D7B5CFD1ACD336F0060D4B4 /* Release */,
			);
			defaultConfigurationIsVisible = 0;
			defaultConfigurationName = Release;
		};
		4D81D4C81C4170DA009A66A7 /* Build configuration list for PBXNativeTarget "Argonaut-tvOS" */ = {
			isa = XCConfigurationList;
			buildConfigurations = (
				4D81D4C91C4170DA009A66A7 /* Debug */,
				4D81D4CA1C4170DA009A66A7 /* Release */,
			);
			defaultConfigurationIsVisible = 0;
			defaultConfigurationName = Release;
		};
		4D81D4E51C41714D009A66A7 /* Build configuration list for PBXNativeTarget "Argonaut-watchOS" */ = {
			isa = XCConfigurationList;
			buildConfigurations = (
				4D81D4E61C41714D009A66A7 /* Debug */,
				4D81D4E71C41714D009A66A7 /* Release */,
			);
			defaultConfigurationIsVisible = 0;
			defaultConfigurationName = Release;
		};
		4D81D5501C417BA9009A66A7 /* Build configuration list for PBXNativeTarget "ExampleWatch Extension" */ = {
			isa = XCConfigurationList;
			buildConfigurations = (
				4D81D5511C417BA9009A66A7 /* Debug */,
				4D81D5521C417BA9009A66A7 /* Release */,
			);
			defaultConfigurationIsVisible = 0;
			defaultConfigurationName = Release;
		};
		4D81D5541C417BA9009A66A7 /* Build configuration list for PBXNativeTarget "ExampleWatch" */ = {
			isa = XCConfigurationList;
			buildConfigurations = (
				4D81D5551C417BA9009A66A7 /* Debug */,
				4D81D5561C417BA9009A66A7 /* Release */,
			);
			defaultConfigurationIsVisible = 0;
			defaultConfigurationName = Release;
		};
/* End XCConfigurationList section */
	};
	rootObject = 4D7B5CAC1ACD335E0060D4B4 /* Project object */;
}
